
Microsoft Visual Studio Solution File, Format Version 12.00
# Visual Studio 15
VisualStudioVersion = 15.0.27004.2010
MinimumVisualStudioVersion = 10.0.40219.1
Project("{FAE04EC0-301F-11D3-BF4B-00C04F79EFBC}") = "RangeDisplay", "RangeDisplay\RangeDisplay.csproj", "{6C42D66F-3626-43A4-A2C6-F68DD7BFA365}"
EndProject
Global
	GlobalSection(SolutionConfigurationPlatforms) = preSolution
		Debug|Any CPU = Debug|Any CPU
		Release|Any CPU = Release|Any CPU
	EndGlobalSection
	GlobalSection(ProjectConfigurationPlatforms) = postSolution
		{6C42D66F-3626-43A4-A2C6-F68DD7BFA365}.Debug|Any CPU.ActiveCfg = Debug|Any CPU
		{6C42D66F-3626-43A4-A2C6-F68DD7BFA365}.Debug|Any CPU.Build.0 = Debug|Any CPU
		{6C42D66F-3626-43A4-A2C6-F68DD7BFA365}.Release|Any CPU.ActiveCfg = Release|Any CPU
		{6C42D66F-3626-43A4-A2C6-F68DD7BFA365}.Release|Any CPU.Build.0 = Release|Any CPU
	EndGlobalSection
	GlobalSection(SolutionProperties) = preSolution
		HideSolutionNode = FALSE
	EndGlobalSection
	GlobalSection(ExtensibilityGlobals) = postSolution
		SolutionGuid = {F02E1525-4409-4825-A806-89448902F777}
	EndGlobalSection
EndGlobal
