
Microsoft Visual Studio Solution File, Format Version 12.00
# Visual Studio Version 16
VisualStudioVersion = 16.0.29102.190
MinimumVisualStudioVersion = 10.0.40219.1
Project("{9A19103F-16F7-4668-BE54-9A1E7A4F7556}") = "AutoStacker", "AutoStacker\AutoStacker.csproj", "{32A2349B-E2D3-4A8D-B1DC-5245D57238C2}"
EndProject
Project("{9A19103F-16F7-4668-BE54-9A1E7A4F7556}") = "BetterArtisanGoodIcons", "BetterArtisanGoodIcons\BetterArtisanGoodIcons.csproj", "{F4AC84CC-F578-4553-8DE1-EC9F851D3700}"
EndProject
Project("{9A19103F-16F7-4668-BE54-9A1E7A4F7556}") = "BetterDoors", "BetterDoors\BetterDoors.csproj", "{B0C1C09B-830E-456A-B052-3B60EB38607E}"
EndProject
Project("{9A19103F-16F7-4668-BE54-9A1E7A4F7556}") = "BetterFruitTrees", "BetterFruitTrees\BetterFruitTrees.csproj", "{25913FD8-607A-4129-9E1E-6BD730AA1927}"
EndProject
Project("{9A19103F-16F7-4668-BE54-9A1E7A4F7556}") = "BetterGardenPots", "BetterGardenPots\BetterGardenPots.csproj", "{128B627C-2EF4-42F5-B397-1C3F9593CC42}"
EndProject
Project("{9A19103F-16F7-4668-BE54-9A1E7A4F7556}") = "BetterHay", "BetterHay\BetterHay.csproj", "{BE70CF1D-24BB-498F-A38C-AD931AB9417D}"
EndProject
Project("{9A19103F-16F7-4668-BE54-9A1E7A4F7556}") = "BetterSlingshots", "BetterSlingshots\BetterSlingshots.csproj", "{DAADB4B6-9A38-46BD-97FA-8B5EE161616B}"
EndProject
Project("{9A19103F-16F7-4668-BE54-9A1E7A4F7556}") = "CasksEverywhere", "CasksEverywhere\CasksEverywhere.csproj", "{25F15391-8E82-40B9-8237-778061DD3436}"
EndProject
Project("{9A19103F-16F7-4668-BE54-9A1E7A4F7556}") = "ChatCommands", "ChatCommands\ChatCommands.csproj", "{B49CCD76-7D44-41E2-8479-FC94672290CC}"
EndProject
Project("{9A19103F-16F7-4668-BE54-9A1E7A4F7556}") = "CopyInviteCode", "CopyInviteCode\CopyInviteCode.csproj", "{286D4E71-7C85-44D9-8986-70BCD1EE5549}"
EndProject
Project("{9A19103F-16F7-4668-BE54-9A1E7A4F7556}") = "CustomizableDeathPenalty", "CustomizableDeathPenalty\CustomizableDeathPenalty.csproj", "{95634837-8380-4DCC-907B-69A2480D00A5}"
EndProject
Project("{9A19103F-16F7-4668-BE54-9A1E7A4F7556}") = "CustomTransparency", "CustomTransparency\CustomTransparency.csproj", "{00C9D8B3-5DF5-4D9D-8735-2FE82B2AF207}"
EndProject
Project("{9A19103F-16F7-4668-BE54-9A1E7A4F7556}") = "CustomWarpLocations", "CustomWarpLocations\CustomWarpLocations.csproj", "{1B4A695D-7B7D-4EF5-B7CB-331A2A2F85EF}"
EndProject
Project("{9A19103F-16F7-4668-BE54-9A1E7A4F7556}") = "DesertObelisk", "DesertObelisk\DesertObelisk.csproj", "{3018251A-05BA-4904-8094-1D3BC080BE17}"
EndProject
Project("{9A19103F-16F7-4668-BE54-9A1E7A4F7556}") = "GeodeInfoMenu", "GeodeInfoMenu\GeodeInfoMenu.csproj", "{E15C2F58-B30C-4ECD-8747-FFAB3D8081D8}"
EndProject
Project("{9A19103F-16F7-4668-BE54-9A1E7A4F7556}") = "GiantCropRing", "GiantCropRing\GiantCropRing.csproj", "{78582F77-925E-400D-A14E-E437C9FF921D}"
EndProject
Project("{9A19103F-16F7-4668-BE54-9A1E7A4F7556}") = "HoldToBreakGeodes", "HoldToBreakGeodes\HoldToBreakGeodes.csproj", "{D5882AA8-4299-4A16-8E36-8C3FB5C30231}"
EndProject
Project("{9A19103F-16F7-4668-BE54-9A1E7A4F7556}") = "ModUpdateMenu", "ModUpdateMenu\ModUpdateMenu.csproj", "{8A3C9F04-DA76-4636-A82E-418A341A87BC}"
EndProject
Project("{9A19103F-16F7-4668-BE54-9A1E7A4F7556}") = "NoCrows", "NoCrows\NoCrows.csproj", "{64090A36-BDC4-401D-911B-5C6A5DD147E3}"
EndProject
Project("{9A19103F-16F7-4668-BE54-9A1E7A4F7556}") = "NoFenceDecay", "NoFenceDecay\NoFenceDecay.csproj", "{0A3794A3-679B-4B9C-9A65-DBEEAD06F9AE}"
EndProject
Project("{9A19103F-16F7-4668-BE54-9A1E7A4F7556}") = "Pong", "Pong\Pong.csproj", "{485C5B82-0DE8-492A-B858-1C2E79207776}"
EndProject
Project("{9A19103F-16F7-4668-BE54-9A1E7A4F7556}") = "RangeDisplay", "RangeDisplay\RangeDisplay.csproj", "{6C42D66F-3626-43A4-A2C6-F68DD7BFA365}"
EndProject
Project("{9A19103F-16F7-4668-BE54-9A1E7A4F7556}") = "RemovableHorseHats", "RemovableHorseHats\RemovableHorseHats.csproj", "{5CAB5968-D372-44FE-85E9-F0C8D7E8015F}"
EndProject
Project("{9A19103F-16F7-4668-BE54-9A1E7A4F7556}") = "SafeLightning", "SafeLightning\SafeLightning.csproj", "{69E55477-A85A-4C22-ADF7-2D0FA9038C86}"
EndProject
Project("{9A19103F-16F7-4668-BE54-9A1E7A4F7556}") = "StackEverything", "StackEverything\StackEverything.csproj", "{B1F0301D-8081-4FB1-AB7E-B6C1821850C1}"
EndProject
Project("{9A19103F-16F7-4668-BE54-9A1E7A4F7556}") = "WinterGrass", "WinterGrass\WinterGrass.csproj", "{20484AB8-9CD4-4DE7-9A87-4A947EC79821}"
EndProject
Project("{2150E333-8FDC-42A3-9474-1A3956D46DE8}") = "root", "root", "{2C8D25AD-646C-475F-A6B9-873AE2523834}"
	ProjectSection(SolutionItems) = preProject
		.gitattributes = .gitattributes
		.gitignore = .gitignore
		README.md = README.md
	EndProjectSection
EndProject
Project("{9A19103F-16F7-4668-BE54-9A1E7A4F7556}") = "CactiHurtYou", "CactiHurtYou\CactiHurtYou.csproj", "{01E10EE8-E18C-4113-809F-8B82FF2A347A}"
EndProject
Project("{9A19103F-16F7-4668-BE54-9A1E7A4F7556}") = "BetterAutomaticGates", "BetterAutomaticGates\BetterAutomaticGates.csproj", "{6403087D-3755-438D-B5EC-891D575CF5BE}"
EndProject
Project("{9A19103F-16F7-4668-BE54-9A1E7A4F7556}") = "HatsOnCats", "HatsOnCats\HatsOnCats.csproj", "{0EA8E985-1BD6-4BA8-B3A3-A751186FB798}"
EndProject
Project("{9A19103F-16F7-4668-BE54-9A1E7A4F7556}") = "BetterWorkbenches", "BetterWorkbenches\BetterWorkbenches.csproj", "{359174FF-E351-4B83-9825-7EC16E9190E9}"
EndProject
Project("{FAE04EC0-301F-11D3-BF4B-00C04F79EFBC}") = "BobberDistance", "BobberDistance\BobberDistance.csproj", "{D9A78F16-4826-43E5-A2B5-0001F0637F45}"
EndProject
Project("{9A19103F-16F7-4668-BE54-9A1E7A4F7556}") = "FloweryTools", "FloweryTools\FloweryTools.csproj", "{A65A9570-E318-4546-BAD0-60E953722590}"
EndProject
Project("{9A19103F-16F7-4668-BE54-9A1E7A4F7556}") = "WindEffects", "WindEffects\WindEffects.csproj", "{42DE7351-807C-40C2-B62F-CBFC50A502A9}"
EndProject
Global
	GlobalSection(SolutionConfigurationPlatforms) = preSolution
		Debug|Any CPU = Debug|Any CPU
		Release|Any CPU = Release|Any CPU
	EndGlobalSection
	GlobalSection(ProjectConfigurationPlatforms) = postSolution
		{32A2349B-E2D3-4A8D-B1DC-5245D57238C2}.Debug|Any CPU.ActiveCfg = Debug|Any CPU
		{32A2349B-E2D3-4A8D-B1DC-5245D57238C2}.Debug|Any CPU.Build.0 = Debug|Any CPU
		{32A2349B-E2D3-4A8D-B1DC-5245D57238C2}.Release|Any CPU.ActiveCfg = Release|Any CPU
		{32A2349B-E2D3-4A8D-B1DC-5245D57238C2}.Release|Any CPU.Build.0 = Release|Any CPU
		{F4AC84CC-F578-4553-8DE1-EC9F851D3700}.Debug|Any CPU.ActiveCfg = Debug|Any CPU
		{F4AC84CC-F578-4553-8DE1-EC9F851D3700}.Debug|Any CPU.Build.0 = Debug|Any CPU
		{F4AC84CC-F578-4553-8DE1-EC9F851D3700}.Release|Any CPU.ActiveCfg = Release|Any CPU
		{F4AC84CC-F578-4553-8DE1-EC9F851D3700}.Release|Any CPU.Build.0 = Release|Any CPU
		{B0C1C09B-830E-456A-B052-3B60EB38607E}.Debug|Any CPU.ActiveCfg = Debug|Any CPU
		{B0C1C09B-830E-456A-B052-3B60EB38607E}.Debug|Any CPU.Build.0 = Debug|Any CPU
		{B0C1C09B-830E-456A-B052-3B60EB38607E}.Release|Any CPU.ActiveCfg = Release|Any CPU
		{B0C1C09B-830E-456A-B052-3B60EB38607E}.Release|Any CPU.Build.0 = Release|Any CPU
		{25913FD8-607A-4129-9E1E-6BD730AA1927}.Debug|Any CPU.ActiveCfg = Debug|Any CPU
		{25913FD8-607A-4129-9E1E-6BD730AA1927}.Debug|Any CPU.Build.0 = Debug|Any CPU
		{25913FD8-607A-4129-9E1E-6BD730AA1927}.Release|Any CPU.ActiveCfg = Release|Any CPU
		{25913FD8-607A-4129-9E1E-6BD730AA1927}.Release|Any CPU.Build.0 = Release|Any CPU
		{128B627C-2EF4-42F5-B397-1C3F9593CC42}.Debug|Any CPU.ActiveCfg = Debug|Any CPU
		{128B627C-2EF4-42F5-B397-1C3F9593CC42}.Debug|Any CPU.Build.0 = Debug|Any CPU
		{128B627C-2EF4-42F5-B397-1C3F9593CC42}.Release|Any CPU.ActiveCfg = Release|Any CPU
		{128B627C-2EF4-42F5-B397-1C3F9593CC42}.Release|Any CPU.Build.0 = Release|Any CPU
		{BE70CF1D-24BB-498F-A38C-AD931AB9417D}.Debug|Any CPU.ActiveCfg = Debug|Any CPU
		{BE70CF1D-24BB-498F-A38C-AD931AB9417D}.Debug|Any CPU.Build.0 = Debug|Any CPU
		{BE70CF1D-24BB-498F-A38C-AD931AB9417D}.Release|Any CPU.ActiveCfg = Release|Any CPU
		{BE70CF1D-24BB-498F-A38C-AD931AB9417D}.Release|Any CPU.Build.0 = Release|Any CPU
		{DAADB4B6-9A38-46BD-97FA-8B5EE161616B}.Debug|Any CPU.ActiveCfg = Debug|Any CPU
		{DAADB4B6-9A38-46BD-97FA-8B5EE161616B}.Debug|Any CPU.Build.0 = Debug|Any CPU
		{DAADB4B6-9A38-46BD-97FA-8B5EE161616B}.Release|Any CPU.ActiveCfg = Release|Any CPU
		{DAADB4B6-9A38-46BD-97FA-8B5EE161616B}.Release|Any CPU.Build.0 = Release|Any CPU
		{25F15391-8E82-40B9-8237-778061DD3436}.Debug|Any CPU.ActiveCfg = Debug|Any CPU
		{25F15391-8E82-40B9-8237-778061DD3436}.Debug|Any CPU.Build.0 = Debug|Any CPU
		{25F15391-8E82-40B9-8237-778061DD3436}.Release|Any CPU.ActiveCfg = Release|Any CPU
		{25F15391-8E82-40B9-8237-778061DD3436}.Release|Any CPU.Build.0 = Release|Any CPU
		{B49CCD76-7D44-41E2-8479-FC94672290CC}.Debug|Any CPU.ActiveCfg = Debug|Any CPU
		{B49CCD76-7D44-41E2-8479-FC94672290CC}.Debug|Any CPU.Build.0 = Debug|Any CPU
		{B49CCD76-7D44-41E2-8479-FC94672290CC}.Release|Any CPU.ActiveCfg = Release|Any CPU
		{B49CCD76-7D44-41E2-8479-FC94672290CC}.Release|Any CPU.Build.0 = Release|Any CPU
		{286D4E71-7C85-44D9-8986-70BCD1EE5549}.Debug|Any CPU.ActiveCfg = Debug|Any CPU
		{286D4E71-7C85-44D9-8986-70BCD1EE5549}.Debug|Any CPU.Build.0 = Debug|Any CPU
		{286D4E71-7C85-44D9-8986-70BCD1EE5549}.Release|Any CPU.ActiveCfg = Release|Any CPU
		{286D4E71-7C85-44D9-8986-70BCD1EE5549}.Release|Any CPU.Build.0 = Release|Any CPU
		{95634837-8380-4DCC-907B-69A2480D00A5}.Debug|Any CPU.ActiveCfg = Debug|Any CPU
		{95634837-8380-4DCC-907B-69A2480D00A5}.Debug|Any CPU.Build.0 = Debug|Any CPU
		{95634837-8380-4DCC-907B-69A2480D00A5}.Release|Any CPU.ActiveCfg = Release|Any CPU
		{95634837-8380-4DCC-907B-69A2480D00A5}.Release|Any CPU.Build.0 = Release|Any CPU
		{00C9D8B3-5DF5-4D9D-8735-2FE82B2AF207}.Debug|Any CPU.ActiveCfg = Debug|Any CPU
		{00C9D8B3-5DF5-4D9D-8735-2FE82B2AF207}.Debug|Any CPU.Build.0 = Debug|Any CPU
		{00C9D8B3-5DF5-4D9D-8735-2FE82B2AF207}.Release|Any CPU.ActiveCfg = Release|Any CPU
		{00C9D8B3-5DF5-4D9D-8735-2FE82B2AF207}.Release|Any CPU.Build.0 = Release|Any CPU
		{1B4A695D-7B7D-4EF5-B7CB-331A2A2F85EF}.Debug|Any CPU.ActiveCfg = Debug|Any CPU
		{1B4A695D-7B7D-4EF5-B7CB-331A2A2F85EF}.Debug|Any CPU.Build.0 = Debug|Any CPU
		{1B4A695D-7B7D-4EF5-B7CB-331A2A2F85EF}.Release|Any CPU.ActiveCfg = Release|Any CPU
		{1B4A695D-7B7D-4EF5-B7CB-331A2A2F85EF}.Release|Any CPU.Build.0 = Release|Any CPU
		{3018251A-05BA-4904-8094-1D3BC080BE17}.Debug|Any CPU.ActiveCfg = Debug|Any CPU
		{3018251A-05BA-4904-8094-1D3BC080BE17}.Debug|Any CPU.Build.0 = Debug|Any CPU
		{3018251A-05BA-4904-8094-1D3BC080BE17}.Release|Any CPU.ActiveCfg = Release|Any CPU
		{3018251A-05BA-4904-8094-1D3BC080BE17}.Release|Any CPU.Build.0 = Release|Any CPU
		{E15C2F58-B30C-4ECD-8747-FFAB3D8081D8}.Debug|Any CPU.ActiveCfg = Debug|Any CPU
		{E15C2F58-B30C-4ECD-8747-FFAB3D8081D8}.Debug|Any CPU.Build.0 = Debug|Any CPU
		{E15C2F58-B30C-4ECD-8747-FFAB3D8081D8}.Release|Any CPU.ActiveCfg = Release|Any CPU
		{E15C2F58-B30C-4ECD-8747-FFAB3D8081D8}.Release|Any CPU.Build.0 = Release|Any CPU
		{78582F77-925E-400D-A14E-E437C9FF921D}.Debug|Any CPU.ActiveCfg = Debug|Any CPU
		{78582F77-925E-400D-A14E-E437C9FF921D}.Debug|Any CPU.Build.0 = Debug|Any CPU
		{78582F77-925E-400D-A14E-E437C9FF921D}.Release|Any CPU.ActiveCfg = Release|Any CPU
		{78582F77-925E-400D-A14E-E437C9FF921D}.Release|Any CPU.Build.0 = Release|Any CPU
		{D5882AA8-4299-4A16-8E36-8C3FB5C30231}.Debug|Any CPU.ActiveCfg = Debug|Any CPU
		{D5882AA8-4299-4A16-8E36-8C3FB5C30231}.Debug|Any CPU.Build.0 = Debug|Any CPU
		{D5882AA8-4299-4A16-8E36-8C3FB5C30231}.Release|Any CPU.ActiveCfg = Release|Any CPU
		{D5882AA8-4299-4A16-8E36-8C3FB5C30231}.Release|Any CPU.Build.0 = Release|Any CPU
		{8A3C9F04-DA76-4636-A82E-418A341A87BC}.Debug|Any CPU.ActiveCfg = Debug|Any CPU
		{8A3C9F04-DA76-4636-A82E-418A341A87BC}.Debug|Any CPU.Build.0 = Debug|Any CPU
		{8A3C9F04-DA76-4636-A82E-418A341A87BC}.Release|Any CPU.ActiveCfg = Release|Any CPU
		{8A3C9F04-DA76-4636-A82E-418A341A87BC}.Release|Any CPU.Build.0 = Release|Any CPU
		{64090A36-BDC4-401D-911B-5C6A5DD147E3}.Debug|Any CPU.ActiveCfg = Debug|Any CPU
		{64090A36-BDC4-401D-911B-5C6A5DD147E3}.Debug|Any CPU.Build.0 = Debug|Any CPU
		{64090A36-BDC4-401D-911B-5C6A5DD147E3}.Release|Any CPU.ActiveCfg = Release|Any CPU
		{64090A36-BDC4-401D-911B-5C6A5DD147E3}.Release|Any CPU.Build.0 = Release|Any CPU
		{0A3794A3-679B-4B9C-9A65-DBEEAD06F9AE}.Debug|Any CPU.ActiveCfg = Debug|Any CPU
		{0A3794A3-679B-4B9C-9A65-DBEEAD06F9AE}.Debug|Any CPU.Build.0 = Debug|Any CPU
		{0A3794A3-679B-4B9C-9A65-DBEEAD06F9AE}.Release|Any CPU.ActiveCfg = Release|Any CPU
		{0A3794A3-679B-4B9C-9A65-DBEEAD06F9AE}.Release|Any CPU.Build.0 = Release|Any CPU
		{485C5B82-0DE8-492A-B858-1C2E79207776}.Debug|Any CPU.ActiveCfg = Debug|Any CPU
		{485C5B82-0DE8-492A-B858-1C2E79207776}.Debug|Any CPU.Build.0 = Debug|Any CPU
		{485C5B82-0DE8-492A-B858-1C2E79207776}.Release|Any CPU.ActiveCfg = Release|Any CPU
		{485C5B82-0DE8-492A-B858-1C2E79207776}.Release|Any CPU.Build.0 = Release|Any CPU
		{6C42D66F-3626-43A4-A2C6-F68DD7BFA365}.Debug|Any CPU.ActiveCfg = Debug|Any CPU
		{6C42D66F-3626-43A4-A2C6-F68DD7BFA365}.Debug|Any CPU.Build.0 = Debug|Any CPU
		{6C42D66F-3626-43A4-A2C6-F68DD7BFA365}.Release|Any CPU.ActiveCfg = Release|Any CPU
		{6C42D66F-3626-43A4-A2C6-F68DD7BFA365}.Release|Any CPU.Build.0 = Release|Any CPU
		{5CAB5968-D372-44FE-85E9-F0C8D7E8015F}.Debug|Any CPU.ActiveCfg = Debug|Any CPU
		{5CAB5968-D372-44FE-85E9-F0C8D7E8015F}.Debug|Any CPU.Build.0 = Debug|Any CPU
		{5CAB5968-D372-44FE-85E9-F0C8D7E8015F}.Release|Any CPU.ActiveCfg = Release|Any CPU
		{5CAB5968-D372-44FE-85E9-F0C8D7E8015F}.Release|Any CPU.Build.0 = Release|Any CPU
		{69E55477-A85A-4C22-ADF7-2D0FA9038C86}.Debug|Any CPU.ActiveCfg = Debug|Any CPU
		{69E55477-A85A-4C22-ADF7-2D0FA9038C86}.Debug|Any CPU.Build.0 = Debug|Any CPU
		{69E55477-A85A-4C22-ADF7-2D0FA9038C86}.Release|Any CPU.ActiveCfg = Release|Any CPU
		{69E55477-A85A-4C22-ADF7-2D0FA9038C86}.Release|Any CPU.Build.0 = Release|Any CPU
		{B1F0301D-8081-4FB1-AB7E-B6C1821850C1}.Debug|Any CPU.ActiveCfg = Debug|Any CPU
		{B1F0301D-8081-4FB1-AB7E-B6C1821850C1}.Debug|Any CPU.Build.0 = Debug|Any CPU
		{B1F0301D-8081-4FB1-AB7E-B6C1821850C1}.Release|Any CPU.ActiveCfg = Release|Any CPU
		{B1F0301D-8081-4FB1-AB7E-B6C1821850C1}.Release|Any CPU.Build.0 = Release|Any CPU
		{20484AB8-9CD4-4DE7-9A87-4A947EC79821}.Debug|Any CPU.ActiveCfg = Debug|Any CPU
		{20484AB8-9CD4-4DE7-9A87-4A947EC79821}.Debug|Any CPU.Build.0 = Debug|Any CPU
		{20484AB8-9CD4-4DE7-9A87-4A947EC79821}.Release|Any CPU.ActiveCfg = Release|Any CPU
		{20484AB8-9CD4-4DE7-9A87-4A947EC79821}.Release|Any CPU.Build.0 = Release|Any CPU
		{01E10EE8-E18C-4113-809F-8B82FF2A347A}.Debug|Any CPU.ActiveCfg = Debug|Any CPU
		{01E10EE8-E18C-4113-809F-8B82FF2A347A}.Debug|Any CPU.Build.0 = Debug|Any CPU
		{01E10EE8-E18C-4113-809F-8B82FF2A347A}.Release|Any CPU.ActiveCfg = Release|Any CPU
		{01E10EE8-E18C-4113-809F-8B82FF2A347A}.Release|Any CPU.Build.0 = Release|Any CPU
		{6403087D-3755-438D-B5EC-891D575CF5BE}.Debug|Any CPU.ActiveCfg = Debug|Any CPU
		{6403087D-3755-438D-B5EC-891D575CF5BE}.Debug|Any CPU.Build.0 = Debug|Any CPU
		{6403087D-3755-438D-B5EC-891D575CF5BE}.Release|Any CPU.ActiveCfg = Release|Any CPU
		{6403087D-3755-438D-B5EC-891D575CF5BE}.Release|Any CPU.Build.0 = Release|Any CPU
		{0EA8E985-1BD6-4BA8-B3A3-A751186FB798}.Debug|Any CPU.ActiveCfg = Debug|Any CPU
		{0EA8E985-1BD6-4BA8-B3A3-A751186FB798}.Debug|Any CPU.Build.0 = Debug|Any CPU
		{0EA8E985-1BD6-4BA8-B3A3-A751186FB798}.Release|Any CPU.ActiveCfg = Release|Any CPU
		{0EA8E985-1BD6-4BA8-B3A3-A751186FB798}.Release|Any CPU.Build.0 = Release|Any CPU
		{359174FF-E351-4B83-9825-7EC16E9190E9}.Debug|Any CPU.ActiveCfg = Debug|Any CPU
		{359174FF-E351-4B83-9825-7EC16E9190E9}.Debug|Any CPU.Build.0 = Debug|Any CPU
		{359174FF-E351-4B83-9825-7EC16E9190E9}.Release|Any CPU.ActiveCfg = Release|Any CPU
		{359174FF-E351-4B83-9825-7EC16E9190E9}.Release|Any CPU.Build.0 = Release|Any CPU
		{D9A78F16-4826-43E5-A2B5-0001F0637F45}.Debug|Any CPU.ActiveCfg = Debug|Any CPU
		{D9A78F16-4826-43E5-A2B5-0001F0637F45}.Debug|Any CPU.Build.0 = Debug|Any CPU
		{D9A78F16-4826-43E5-A2B5-0001F0637F45}.Release|Any CPU.ActiveCfg = Release|Any CPU
		{D9A78F16-4826-43E5-A2B5-0001F0637F45}.Release|Any CPU.Build.0 = Release|Any CPU
		{A65A9570-E318-4546-BAD0-60E953722590}.Debug|Any CPU.ActiveCfg = Debug|Any CPU
		{A65A9570-E318-4546-BAD0-60E953722590}.Debug|Any CPU.Build.0 = Debug|Any CPU
		{A65A9570-E318-4546-BAD0-60E953722590}.Release|Any CPU.ActiveCfg = Release|Any CPU
		{A65A9570-E318-4546-BAD0-60E953722590}.Release|Any CPU.Build.0 = Release|Any CPU
		{42DE7351-807C-40C2-B62F-CBFC50A502A9}.Debug|Any CPU.ActiveCfg = Debug|Any CPU
		{42DE7351-807C-40C2-B62F-CBFC50A502A9}.Debug|Any CPU.Build.0 = Debug|Any CPU
		{42DE7351-807C-40C2-B62F-CBFC50A502A9}.Release|Any CPU.ActiveCfg = Release|Any CPU
		{42DE7351-807C-40C2-B62F-CBFC50A502A9}.Release|Any CPU.Build.0 = Release|Any CPU
	EndGlobalSection
	GlobalSection(SolutionProperties) = preSolution
		HideSolutionNode = FALSE
	EndGlobalSection
	GlobalSection(ExtensibilityGlobals) = postSolution
		SolutionGuid = {6610C794-2A79-4B58-A939-029D07BB183D}
	EndGlobalSection
EndGlobal
