
Microsoft Visual Studio Solution File, Format Version 12.00
# Visual Studio 15
VisualStudioVersion = 15.0.27004.2010
MinimumVisualStudioVersion = 10.0.40219.1
Project("{FAE04EC0-301F-11D3-BF4B-00C04F79EFBC}") = "NoCrows", "NoCrows\NoCrows.csproj", "{64090A36-BDC4-401D-911B-5C6A5DD147E3}"
EndProject
Global
	GlobalSection(SolutionConfigurationPlatforms) = preSolution
		Debug|Any CPU = Debug|Any CPU
		Release|Any CPU = Release|Any CPU
	EndGlobalSection
	GlobalSection(ProjectConfigurationPlatforms) = postSolution
		{64090A36-BDC4-401D-911B-5C6A5DD147E3}.Debug|Any CPU.ActiveCfg = Debug|Any CPU
		{64090A36-BDC4-401D-911B-5C6A5DD147E3}.Debug|Any CPU.Build.0 = Debug|Any CPU
		{64090A36-BDC4-401D-911B-5C6A5DD147E3}.Release|Any CPU.ActiveCfg = Release|Any CPU
		{64090A36-BDC4-401D-911B-5C6A5DD147E3}.Release|Any CPU.Build.0 = Release|Any CPU
	EndGlobalSection
	GlobalSection(SolutionProperties) = preSolution
		HideSolutionNode = FALSE
	EndGlobalSection
	GlobalSection(ExtensibilityGlobals) = postSolution
		SolutionGuid = {12EAA9FD-68B1-4F06-B797-F5B05112BF8B}
	EndGlobalSection
EndGlobal
