
Microsoft Visual Studio Solution File, Format Version 12.00
# Visual Studio 15
VisualStudioVersion = 15.0.27004.2010
MinimumVisualStudioVersion = 10.0.40219.1
Project("{FAE04EC0-301F-11D3-BF4B-00C04F79EFBC}") = "BetterSlingshots", "BetterSlingshots\BetterSlingshots.csproj", "{DAADB4B6-9A38-46BD-97FA-8B5EE161616B}"
EndProject
Global
	GlobalSection(SolutionConfigurationPlatforms) = preSolution
		Debug|Any CPU = Debug|Any CPU
		Release|Any CPU = Release|Any CPU
	EndGlobalSection
	GlobalSection(ProjectConfigurationPlatforms) = postSolution
		{DAADB4B6-9A38-46BD-97FA-8B5EE161616B}.Debug|Any CPU.ActiveCfg = Debug|Any CPU
		{DAADB4B6-9A38-46BD-97FA-8B5EE161616B}.Debug|Any CPU.Build.0 = Debug|Any CPU
		{DAADB4B6-9A38-46BD-97FA-8B5EE161616B}.Release|Any CPU.ActiveCfg = Release|Any CPU
		{DAADB4B6-9A38-46BD-97FA-8B5EE161616B}.Release|Any CPU.Build.0 = Release|Any CPU
	EndGlobalSection
	GlobalSection(SolutionProperties) = preSolution
		HideSolutionNode = FALSE
	EndGlobalSection
	GlobalSection(ExtensibilityGlobals) = postSolution
		SolutionGuid = {59CF9117-C51F-4E8B-9921-A8544B5E8B6A}
	EndGlobalSection
EndGlobal
