
Microsoft Visual Studio Solution File, Format Version 12.00
# Visual Studio 15
VisualStudioVersion = 15.0.26430.12
MinimumVisualStudioVersion = 10.0.40219.1
Project("{FAE04EC0-301F-11D3-BF4B-00C04F79EFBC}") = "ChatCommands", "ChatCommands\ChatCommands.csproj", "{B49CCD76-7D44-41E2-8479-FC94672290CC}"
EndProject
Project("{911E67C6-3D85-4FCE-B560-20A9C3E3FF48}") = "StardewModdingAPI", "D:\Steam\SteamApps\common\Stardew Valley\StardewModdingAPI.exe", "{8CE7C22C-6804-41BC-9B28-7B17B4A90FE8}"
	ProjectSection(DebuggerProjectSystem) = preProject
		PortSupplier = 00000000-0000-0000-0000-000000000000
		Executable = D:\Steam\SteamApps\common\Stardew Valley\StardewModdingAPI.exe
		RemoteMachine = DAN-DESKTOP
		StartingDirectory = D:\Steam\SteamApps\common\Stardew Valley
		Environment = Default
		LaunchingEngine = 00000000-0000-0000-0000-000000000000
		UseLegacyDebugEngines = No
		LaunchSQLEngine = No
		AttachLaunchAction = No
	EndProjectSection
EndProject
Global
	GlobalSection(SolutionConfigurationPlatforms) = preSolution
		Debug|Any CPU = Debug|Any CPU
		Debug|x86 = Debug|x86
		Release|Any CPU = Release|Any CPU
		Release|x86 = Release|x86
	EndGlobalSection
	GlobalSection(ProjectConfigurationPlatforms) = postSolution
		{B49CCD76-7D44-41E2-8479-FC94672290CC}.Debug|Any CPU.ActiveCfg = Debug|Any CPU
		{B49CCD76-7D44-41E2-8479-FC94672290CC}.Debug|Any CPU.Build.0 = Debug|Any CPU
		{B49CCD76-7D44-41E2-8479-FC94672290CC}.Debug|x86.ActiveCfg = Debug|Any CPU
		{B49CCD76-7D44-41E2-8479-FC94672290CC}.Debug|x86.Build.0 = Debug|Any CPU
		{B49CCD76-7D44-41E2-8479-FC94672290CC}.Release|Any CPU.ActiveCfg = Release|Any CPU
		{B49CCD76-7D44-41E2-8479-FC94672290CC}.Release|Any CPU.Build.0 = Release|Any CPU
		{B49CCD76-7D44-41E2-8479-FC94672290CC}.Release|x86.ActiveCfg = Release|Any CPU
		{B49CCD76-7D44-41E2-8479-FC94672290CC}.Release|x86.Build.0 = Release|Any CPU
		{8CE7C22C-6804-41BC-9B28-7B17B4A90FE8}.Debug|Any CPU.ActiveCfg = Release|x86
		{8CE7C22C-6804-41BC-9B28-7B17B4A90FE8}.Debug|x86.ActiveCfg = Release|x86
		{8CE7C22C-6804-41BC-9B28-7B17B4A90FE8}.Release|Any CPU.ActiveCfg = Release|x86
		{8CE7C22C-6804-41BC-9B28-7B17B4A90FE8}.Release|x86.ActiveCfg = Release|x86
	EndGlobalSection
	GlobalSection(SolutionProperties) = preSolution
		HideSolutionNode = FALSE
	EndGlobalSection
	GlobalSection(ExtensibilityGlobals) = postSolution
		SolutionGuid = {5D5073ED-3740-47AD-9954-E0B17DA95E4F}
	EndGlobalSection
EndGlobal
