
Microsoft Visual Studio Solution File, Format Version 12.00
# Visual Studio 15
VisualStudioVersion = 15.0.28010.2041
MinimumVisualStudioVersion = 10.0.40219.1
Project("{FAE04EC0-301F-11D3-BF4B-00C04F79EFBC}") = "CasksEverywhere", "CasksEverywhere\CasksEverywhere.csproj", "{25F15391-8E82-40B9-8237-778061DD3436}"
EndProject
Global
	GlobalSection(SolutionConfigurationPlatforms) = preSolution
		Debug|Any CPU = Debug|Any CPU
		Release|Any CPU = Release|Any CPU
	EndGlobalSection
	GlobalSection(ProjectConfigurationPlatforms) = postSolution
		{25F15391-8E82-40B9-8237-778061DD3436}.Debug|Any CPU.ActiveCfg = Debug|Any CPU
		{25F15391-8E82-40B9-8237-778061DD3436}.Debug|Any CPU.Build.0 = Debug|Any CPU
		{25F15391-8E82-40B9-8237-778061DD3436}.Release|Any CPU.ActiveCfg = Release|Any CPU
		{25F15391-8E82-40B9-8237-778061DD3436}.Release|Any CPU.Build.0 = Release|Any CPU
	EndGlobalSection
	GlobalSection(SolutionProperties) = preSolution
		HideSolutionNode = FALSE
	EndGlobalSection
	GlobalSection(ExtensibilityGlobals) = postSolution
		SolutionGuid = {99CDD705-424E-41C1-B952-AA97AB2D37C3}
	EndGlobalSection
EndGlobal
